// !$*UTF8*$!
{
	archiveVersion = 1;
	classes = {
	};
	objectVersion = 56;
	objects = {

/* Begin PBXBuildFile section */
		4E0A3E7F2C8942B100F5BDF5 /* MyFetchChallengeApp.swift in Sources */ = {isa = PBXBuildFile; fileRef = 4E0A3E7E2C8942B100F5BDF5 /* MyFetchChallengeApp.swift */; };
		4E0A3E832C8942B300F5BDF5 /* Assets.xcassets in Resources */ = {isa = PBXBuildFile; fileRef = 4E0A3E822C8942B300F5BDF5 /* Assets.xcassets */; };
		4E0A3E862C8942B300F5BDF5 /* Preview Assets.xcassets in Resources */ = {isa = PBXBuildFile; fileRef = 4E0A3E852C8942B300F5BDF5 /* Preview Assets.xcassets */; };
		4E0A3EAE2C8943C700F5BDF5 /* Color+Extension.swift in Sources */ = {isa = PBXBuildFile; fileRef = 4E0A3EAD2C8943C700F5BDF5 /* Color+Extension.swift */; };
		4E0A3EB02C89440E00F5BDF5 /* Result+Extension.swift in Sources */ = {isa = PBXBuildFile; fileRef = 4E0A3EAF2C89440E00F5BDF5 /* Result+Extension.swift */; };
		4E0A3EB72C89451B00F5BDF5 /* FavoritesView.swift in Sources */ = {isa = PBXBuildFile; fileRef = 4E0A3EB62C89451B00F5BDF5 /* FavoritesView.swift */; };
		4E0A3EB92C8946E500F5BDF5 /* SettingsView.swift in Sources */ = {isa = PBXBuildFile; fileRef = 4E0A3EB82C8946E500F5BDF5 /* SettingsView.swift */; };
		4E0A3EBE2C89476D00F5BDF5 /* Meal.swift in Sources */ = {isa = PBXBuildFile; fileRef = 4E0A3EBD2C89476D00F5BDF5 /* Meal.swift */; };
		4E0A3EC02C89484100F5BDF5 /* Mocks.swift in Sources */ = {isa = PBXBuildFile; fileRef = 4E0A3EBF2C89484100F5BDF5 /* Mocks.swift */; };
		4E0A3EC22C89488F00F5BDF5 /* CardView.swift in Sources */ = {isa = PBXBuildFile; fileRef = 4E0A3EC12C89488F00F5BDF5 /* CardView.swift */; };
		4E0A3EC42C89495000F5BDF5 /* HomeViewModel.swift in Sources */ = {isa = PBXBuildFile; fileRef = 4E0A3EC32C89495000F5BDF5 /* HomeViewModel.swift */; };
		4E0A3EC62C894F8400F5BDF5 /* DesertListView.swift in Sources */ = {isa = PBXBuildFile; fileRef = 4E0A3EC52C894F8400F5BDF5 /* DesertListView.swift */; };
		4E0A3EC82C894FE000F5BDF5 /* CustomBackButton.swift in Sources */ = {isa = PBXBuildFile; fileRef = 4E0A3EC72C894FE000F5BDF5 /* CustomBackButton.swift */; };
		4E0A3ECA2C8953B300F5BDF5 /* HomeView.swift in Sources */ = {isa = PBXBuildFile; fileRef = 4E0A3EC92C8953B300F5BDF5 /* HomeView.swift */; };
		4E0A3ED02C8A136B00F5BDF5 /* DessertListRepository.swift in Sources */ = {isa = PBXBuildFile; fileRef = 4E0A3ECF2C8A136B00F5BDF5 /* DessertListRepository.swift */; };
		4E0A3ED22C8A150900F5BDF5 /* DataError.swift in Sources */ = {isa = PBXBuildFile; fileRef = 4E0A3ED12C8A150900F5BDF5 /* DataError.swift */; };
		4E0A3ED42C8A162700F5BDF5 /* MealDTO.swift in Sources */ = {isa = PBXBuildFile; fileRef = 4E0A3ED32C8A162700F5BDF5 /* MealDTO.swift */; };
		4E0A3ED72C8A189D00F5BDF5 /* MealMapper.swift in Sources */ = {isa = PBXBuildFile; fileRef = 4E0A3ED62C8A189D00F5BDF5 /* MealMapper.swift */; };
		4E0A3ED92C8A18ED00F5BDF5 /* ApiDatasourceType.swift in Sources */ = {isa = PBXBuildFile; fileRef = 4E0A3ED82C8A18ED00F5BDF5 /* ApiDatasourceType.swift */; };
		4E0A3EDB2C8B84AB00F5BDF5 /* APIMealDataSource.swift in Sources */ = {isa = PBXBuildFile; fileRef = 4E0A3EDA2C8B84AB00F5BDF5 /* APIMealDataSource.swift */; };
		4E0A3EDE2C8B861C00F5BDF5 /* HTTPClient.swift in Sources */ = {isa = PBXBuildFile; fileRef = 4E0A3EDD2C8B861C00F5BDF5 /* HTTPClient.swift */; };
		4E0A3EE02C8B865800F5BDF5 /* URLSessionHTTPClient.swift in Sources */ = {isa = PBXBuildFile; fileRef = 4E0A3EDF2C8B865800F5BDF5 /* URLSessionHTTPClient.swift */; };
		4E0A3EE22C8B888D00F5BDF5 /* URLSessionRequestMaker.swift in Sources */ = {isa = PBXBuildFile; fileRef = 4E0A3EE12C8B888D00F5BDF5 /* URLSessionRequestMaker.swift */; };
		4E0A3EE42C8B8A2000F5BDF5 /* HomeFactory.swift in Sources */ = {isa = PBXBuildFile; fileRef = 4E0A3EE32C8B8A2000F5BDF5 /* HomeFactory.swift */; };
		4E0A3EE62C8B8C5100F5BDF5 /* TabBarView.swift in Sources */ = {isa = PBXBuildFile; fileRef = 4E0A3EE52C8B8C5100F5BDF5 /* TabBarView.swift */; };
		4E0A3EEB2C8CA21700F5BDF5 /* DetailMealModel.swift in Sources */ = {isa = PBXBuildFile; fileRef = 4E0A3EEA2C8CA21600F5BDF5 /* DetailMealModel.swift */; };
		4E0A3EED2C8CA2D000F5BDF5 /* DetailMealView.swift in Sources */ = {isa = PBXBuildFile; fileRef = 4E0A3EEC2C8CA2D000F5BDF5 /* DetailMealView.swift */; };
		4E0A3EEF2C8CA36000F5BDF5 /* DetailMealViewModel.swift in Sources */ = {isa = PBXBuildFile; fileRef = 4E0A3EEE2C8CA36000F5BDF5 /* DetailMealViewModel.swift */; };
		4E0A3EF12C8CA44000F5BDF5 /* DetailMealRepository.swift in Sources */ = {isa = PBXBuildFile; fileRef = 4E0A3EF02C8CA44000F5BDF5 /* DetailMealRepository.swift */; };
		4E0A3EF32C8CAD1800F5BDF5 /* DetailMealFactory.swift in Sources */ = {isa = PBXBuildFile; fileRef = 4E0A3EF22C8CAD1800F5BDF5 /* DetailMealFactory.swift */; };
		4E0A3F0C2C8CB22D00F5BDF5 /* DessertListRepositoryTests.swift in Sources */ = {isa = PBXBuildFile; fileRef = 4E0A3F0B2C8CB22D00F5BDF5 /* DessertListRepositoryTests.swift */; };
		4E0A3F0E2C8CB38900F5BDF5 /* ApiDatasourceStub.swift in Sources */ = {isa = PBXBuildFile; fileRef = 4E0A3F0D2C8CB38900F5BDF5 /* ApiDatasourceStub.swift */; };
		4E0A3F102C8CB43700F5BDF5 /* Equitable.swift in Sources */ = {isa = PBXBuildFile; fileRef = 4E0A3F0F2C8CB43700F5BDF5 /* Equitable.swift */; };
		4E0A3F122C8CB59C00F5BDF5 /* DetailMealRepositoryTests.swift in Sources */ = {isa = PBXBuildFile; fileRef = 4E0A3F112C8CB59C00F5BDF5 /* DetailMealRepositoryTests.swift */; };
		4E7D26DE2C95F6FF005407E7 /* CacheDessertListType.swift in Sources */ = {isa = PBXBuildFile; fileRef = 4E7D26DD2C95F6FF005407E7 /* CacheDessertListType.swift */; };
		4E7D26E02C95F72E005407E7 /* CacheDessertList.swift in Sources */ = {isa = PBXBuildFile; fileRef = 4E7D26DF2C95F72E005407E7 /* CacheDessertList.swift */; };
		4E7D26E22C95FAEA005407E7 /* CacheDatasourceStub.swift in Sources */ = {isa = PBXBuildFile; fileRef = 4E7D26E12C95FAEA005407E7 /* CacheDatasourceStub.swift */; };
/* End PBXBuildFile section */

/* Begin PBXContainerItemProxy section */
		4E0A3F042C8CB13900F5BDF5 /* PBXContainerItemProxy */ = {
			isa = PBXContainerItemProxy;
			containerPortal = 4E0A3E732C8942B100F5BDF5 /* Project object */;
			proxyType = 1;
			remoteGlobalIDString = 4E0A3E7A2C8942B100F5BDF5;
			remoteInfo = MyFetchChallenge;
		};
/* End PBXContainerItemProxy section */

/* Begin PBXFileReference section */
		4E0A3E7B2C8942B100F5BDF5 /* MyFetchChallenge.app */ = {isa = PBXFileReference; explicitFileType = wrapper.application; includeInIndex = 0; path = MyFetchChallenge.app; sourceTree = BUILT_PRODUCTS_DIR; };
		4E0A3E7E2C8942B100F5BDF5 /* MyFetchChallengeApp.swift */ = {isa = PBXFileReference; lastKnownFileType = sourcecode.swift; path = MyFetchChallengeApp.swift; sourceTree = "<group>"; };
		4E0A3E822C8942B300F5BDF5 /* Assets.xcassets */ = {isa = PBXFileReference; lastKnownFileType = folder.assetcatalog; path = Assets.xcassets; sourceTree = "<group>"; };
		4E0A3E852C8942B300F5BDF5 /* Preview Assets.xcassets */ = {isa = PBXFileReference; lastKnownFileType = folder.assetcatalog; path = "Preview Assets.xcassets"; sourceTree = "<group>"; };
		4E0A3EAD2C8943C700F5BDF5 /* Color+Extension.swift */ = {isa = PBXFileReference; lastKnownFileType = sourcecode.swift; path = "Color+Extension.swift"; sourceTree = "<group>"; };
		4E0A3EAF2C89440E00F5BDF5 /* Result+Extension.swift */ = {isa = PBXFileReference; lastKnownFileType = sourcecode.swift; path = "Result+Extension.swift"; sourceTree = "<group>"; };
		4E0A3EB62C89451B00F5BDF5 /* FavoritesView.swift */ = {isa = PBXFileReference; lastKnownFileType = sourcecode.swift; path = FavoritesView.swift; sourceTree = "<group>"; };
		4E0A3EB82C8946E500F5BDF5 /* SettingsView.swift */ = {isa = PBXFileReference; lastKnownFileType = sourcecode.swift; path = SettingsView.swift; sourceTree = "<group>"; };
		4E0A3EBD2C89476D00F5BDF5 /* Meal.swift */ = {isa = PBXFileReference; lastKnownFileType = sourcecode.swift; path = Meal.swift; sourceTree = "<group>"; };
		4E0A3EBF2C89484100F5BDF5 /* Mocks.swift */ = {isa = PBXFileReference; lastKnownFileType = sourcecode.swift; path = Mocks.swift; sourceTree = "<group>"; };
		4E0A3EC12C89488F00F5BDF5 /* CardView.swift */ = {isa = PBXFileReference; lastKnownFileType = sourcecode.swift; path = CardView.swift; sourceTree = "<group>"; };
		4E0A3EC32C89495000F5BDF5 /* HomeViewModel.swift */ = {isa = PBXFileReference; lastKnownFileType = sourcecode.swift; path = HomeViewModel.swift; sourceTree = "<group>"; };
		4E0A3EC52C894F8400F5BDF5 /* DesertListView.swift */ = {isa = PBXFileReference; lastKnownFileType = sourcecode.swift; path = DesertListView.swift; sourceTree = "<group>"; };
		4E0A3EC72C894FE000F5BDF5 /* CustomBackButton.swift */ = {isa = PBXFileReference; lastKnownFileType = sourcecode.swift; path = CustomBackButton.swift; sourceTree = "<group>"; };
		4E0A3EC92C8953B300F5BDF5 /* HomeView.swift */ = {isa = PBXFileReference; lastKnownFileType = sourcecode.swift; path = HomeView.swift; sourceTree = "<group>"; };
		4E0A3ECF2C8A136B00F5BDF5 /* DessertListRepository.swift */ = {isa = PBXFileReference; lastKnownFileType = sourcecode.swift; path = DessertListRepository.swift; sourceTree = "<group>"; };
		4E0A3ED12C8A150900F5BDF5 /* DataError.swift */ = {isa = PBXFileReference; lastKnownFileType = sourcecode.swift; path = DataError.swift; sourceTree = "<group>"; };
		4E0A3ED32C8A162700F5BDF5 /* MealDTO.swift */ = {isa = PBXFileReference; lastKnownFileType = sourcecode.swift; path = MealDTO.swift; sourceTree = "<group>"; };
		4E0A3ED62C8A189D00F5BDF5 /* MealMapper.swift */ = {isa = PBXFileReference; lastKnownFileType = sourcecode.swift; path = MealMapper.swift; sourceTree = "<group>"; };
		4E0A3ED82C8A18ED00F5BDF5 /* ApiDatasourceType.swift */ = {isa = PBXFileReference; lastKnownFileType = sourcecode.swift; path = ApiDatasourceType.swift; sourceTree = "<group>"; };
		4E0A3EDA2C8B84AB00F5BDF5 /* APIMealDataSource.swift */ = {isa = PBXFileReference; lastKnownFileType = sourcecode.swift; path = APIMealDataSource.swift; sourceTree = "<group>"; };
		4E0A3EDD2C8B861C00F5BDF5 /* HTTPClient.swift */ = {isa = PBXFileReference; lastKnownFileType = sourcecode.swift; path = HTTPClient.swift; sourceTree = "<group>"; };
		4E0A3EDF2C8B865800F5BDF5 /* URLSessionHTTPClient.swift */ = {isa = PBXFileReference; lastKnownFileType = sourcecode.swift; path = URLSessionHTTPClient.swift; sourceTree = "<group>"; };
		4E0A3EE12C8B888D00F5BDF5 /* URLSessionRequestMaker.swift */ = {isa = PBXFileReference; lastKnownFileType = sourcecode.swift; path = URLSessionRequestMaker.swift; sourceTree = "<group>"; };
		4E0A3EE32C8B8A2000F5BDF5 /* HomeFactory.swift */ = {isa = PBXFileReference; lastKnownFileType = sourcecode.swift; path = HomeFactory.swift; sourceTree = "<group>"; };
		4E0A3EE52C8B8C5100F5BDF5 /* TabBarView.swift */ = {isa = PBXFileReference; lastKnownFileType = sourcecode.swift; path = TabBarView.swift; sourceTree = "<group>"; };
		4E0A3EEA2C8CA21600F5BDF5 /* DetailMealModel.swift */ = {isa = PBXFileReference; lastKnownFileType = sourcecode.swift; path = DetailMealModel.swift; sourceTree = "<group>"; };
		4E0A3EEC2C8CA2D000F5BDF5 /* DetailMealView.swift */ = {isa = PBXFileReference; lastKnownFileType = sourcecode.swift; path = DetailMealView.swift; sourceTree = "<group>"; };
		4E0A3EEE2C8CA36000F5BDF5 /* DetailMealViewModel.swift */ = {isa = PBXFileReference; lastKnownFileType = sourcecode.swift; path = DetailMealViewModel.swift; sourceTree = "<group>"; };
		4E0A3EF02C8CA44000F5BDF5 /* DetailMealRepository.swift */ = {isa = PBXFileReference; lastKnownFileType = sourcecode.swift; path = DetailMealRepository.swift; sourceTree = "<group>"; };
		4E0A3EF22C8CAD1800F5BDF5 /* DetailMealFactory.swift */ = {isa = PBXFileReference; lastKnownFileType = sourcecode.swift; path = DetailMealFactory.swift; sourceTree = "<group>"; };
		4E0A3F002C8CB13900F5BDF5 /* MyFetchChallengeTests.xctest */ = {isa = PBXFileReference; explicitFileType = wrapper.cfbundle; includeInIndex = 0; path = MyFetchChallengeTests.xctest; sourceTree = BUILT_PRODUCTS_DIR; };
		4E0A3F0B2C8CB22D00F5BDF5 /* DessertListRepositoryTests.swift */ = {isa = PBXFileReference; lastKnownFileType = sourcecode.swift; name = DessertListRepositoryTests.swift; path = ../../../../../Documents/DessertListRepositoryTests.swift; sourceTree = "<group>"; };
		4E0A3F0D2C8CB38900F5BDF5 /* ApiDatasourceStub.swift */ = {isa = PBXFileReference; lastKnownFileType = sourcecode.swift; name = ApiDatasourceStub.swift; path = ../../../../../Documents/ApiDatasourceStub.swift; sourceTree = "<group>"; };
		4E0A3F0F2C8CB43700F5BDF5 /* Equitable.swift */ = {isa = PBXFileReference; lastKnownFileType = sourcecode.swift; name = Equitable.swift; path = ../../../../../Documents/Equitable.swift; sourceTree = "<group>"; };
		4E0A3F112C8CB59C00F5BDF5 /* DetailMealRepositoryTests.swift */ = {isa = PBXFileReference; lastKnownFileType = sourcecode.swift; name = DetailMealRepositoryTests.swift; path = ../../../../../Documents/DetailMealRepositoryTests.swift; sourceTree = "<group>"; };
		4E7D26DD2C95F6FF005407E7 /* CacheDessertListType.swift */ = {isa = PBXFileReference; lastKnownFileType = sourcecode.swift; path = CacheDessertListType.swift; sourceTree = "<group>"; };
		4E7D26DF2C95F72E005407E7 /* CacheDessertList.swift */ = {isa = PBXFileReference; lastKnownFileType = sourcecode.swift; path = CacheDessertList.swift; sourceTree = "<group>"; };
		4E7D26E12C95FAEA005407E7 /* CacheDatasourceStub.swift */ = {isa = PBXFileReference; lastKnownFileType = sourcecode.swift; path = CacheDatasourceStub.swift; sourceTree = "<group>"; };
/* End PBXFileReference section */

/* Begin PBXFrameworksBuildPhase section */
		4E0A3E782C8942B100F5BDF5 /* Frameworks */ = {
			isa = PBXFrameworksBuildPhase;
			buildActionMask = 2147483647;
			files = (
			);
			runOnlyForDeploymentPostprocessing = 0;
		};
		4E0A3EFD2C8CB13900F5BDF5 /* Frameworks */ = {
			isa = PBXFrameworksBuildPhase;
			buildActionMask = 2147483647;
			files = (
			);
			runOnlyForDeploymentPostprocessing = 0;
		};
/* End PBXFrameworksBuildPhase section */

/* Begin PBXGroup section */
		4E0A3E722C8942B100F5BDF5 = {
			isa = PBXGroup;
			children = (
				4E0A3E7D2C8942B100F5BDF5 /* MyFetchChallenge */,
				4E0A3F012C8CB13900F5BDF5 /* MyFetchChallengeTests */,
				4E0A3E7C2C8942B100F5BDF5 /* Products */,
			);
			sourceTree = "<group>";
		};
		4E0A3E7C2C8942B100F5BDF5 /* Products */ = {
			isa = PBXGroup;
			children = (
				4E0A3E7B2C8942B100F5BDF5 /* MyFetchChallenge.app */,
				4E0A3F002C8CB13900F5BDF5 /* MyFetchChallengeTests.xctest */,
			);
			name = Products;
			sourceTree = "<group>";
		};
		4E0A3E7D2C8942B100F5BDF5 /* MyFetchChallenge */ = {
			isa = PBXGroup;
			children = (
				4E0A3EAC2C89436200F5BDF5 /* Extension */,
				4E0A3EAB2C89436000F5BDF5 /* Utils */,
				4E0A3EAA2C89435E00F5BDF5 /* Composition Root */,
				4E0A3EA92C89435D00F5BDF5 /* Data */,
				4E0A3EA82C89432F00F5BDF5 /* Core */,
				4E0A3E7E2C8942B100F5BDF5 /* MyFetchChallengeApp.swift */,
				4E0A3E822C8942B300F5BDF5 /* Assets.xcassets */,
				4E0A3E842C8942B300F5BDF5 /* Preview Content */,
			);
			path = MyFetchChallenge;
			sourceTree = "<group>";
		};
		4E0A3E842C8942B300F5BDF5 /* Preview Content */ = {
			isa = PBXGroup;
			children = (
				4E0A3E852C8942B300F5BDF5 /* Preview Assets.xcassets */,
			);
			path = "Preview Content";
			sourceTree = "<group>";
		};
		4E0A3EA82C89432F00F5BDF5 /* Core */ = {
			isa = PBXGroup;
			children = (
				4E0A3EB52C89446E00F5BDF5 /* Detail */,
				4E0A3EB42C89446C00F5BDF5 /* Settings */,
				4E0A3EB32C89446A00F5BDF5 /* Favorites */,
				4E0A3EB22C89446900F5BDF5 /* Home */,
				4E0A3EB12C89446700F5BDF5 /* TabBar */,
			);
			path = Core;
			sourceTree = "<group>";
		};
		4E0A3EA92C89435D00F5BDF5 /* Data */ = {
			isa = PBXGroup;
			children = (
				4E0A3ECE2C8A12E400F5BDF5 /* Cache */,
				4E0A3ECD2C8A12E200F5BDF5 /* Networking */,
				4E0A3ECC2C8A12E000F5BDF5 /* DTOs */,
				4E0A3ECB2C8A12DF00F5BDF5 /* Repositories */,
			);
			path = Data;
			sourceTree = "<group>";
		};
		4E0A3EAA2C89435E00F5BDF5 /* Composition Root */ = {
			isa = PBXGroup;
			children = (
				4E0A3EE32C8B8A2000F5BDF5 /* HomeFactory.swift */,
				4E0A3EF22C8CAD1800F5BDF5 /* DetailMealFactory.swift */,
			);
			path = "Composition Root";
			sourceTree = "<group>";
		};
		4E0A3EAB2C89436000F5BDF5 /* Utils */ = {
			isa = PBXGroup;
			children = (
				4E0A3EBF2C89484100F5BDF5 /* Mocks.swift */,
				4E0A3EC72C894FE000F5BDF5 /* CustomBackButton.swift */,
			);
			path = Utils;
			sourceTree = "<group>";
		};
		4E0A3EAC2C89436200F5BDF5 /* Extension */ = {
			isa = PBXGroup;
			children = (
				4E0A3EAD2C8943C700F5BDF5 /* Color+Extension.swift */,
				4E0A3EAF2C89440E00F5BDF5 /* Result+Extension.swift */,
			);
			path = Extension;
			sourceTree = "<group>";
		};
		4E0A3EB12C89446700F5BDF5 /* TabBar */ = {
			isa = PBXGroup;
			children = (
				4E0A3EE52C8B8C5100F5BDF5 /* TabBarView.swift */,
			);
			path = TabBar;
			sourceTree = "<group>";
		};
		4E0A3EB22C89446900F5BDF5 /* Home */ = {
			isa = PBXGroup;
			children = (
				4E0A3EBC2C89470D00F5BDF5 /* ViewModel */,
				4E0A3EBB2C89470C00F5BDF5 /* Model */,
				4E0A3EBA2C89470A00F5BDF5 /* View */,
			);
			path = Home;
			sourceTree = "<group>";
		};
		4E0A3EB32C89446A00F5BDF5 /* Favorites */ = {
			isa = PBXGroup;
			children = (
				4E0A3EB62C89451B00F5BDF5 /* FavoritesView.swift */,
			);
			path = Favorites;
			sourceTree = "<group>";
		};
		4E0A3EB42C89446C00F5BDF5 /* Settings */ = {
			isa = PBXGroup;
			children = (
				4E0A3EB82C8946E500F5BDF5 /* SettingsView.swift */,
			);
			path = Settings;
			sourceTree = "<group>";
		};
		4E0A3EB52C89446E00F5BDF5 /* Detail */ = {
			isa = PBXGroup;
			children = (
				4E0A3EE92C8CA0CD00F5BDF5 /* ViewModel */,
				4E0A3EE82C8CA0CB00F5BDF5 /* Model */,
				4E0A3EE72C8CA0CA00F5BDF5 /* View */,
			);
			path = Detail;
			sourceTree = "<group>";
		};
		4E0A3EBA2C89470A00F5BDF5 /* View */ = {
			isa = PBXGroup;
			children = (
				4E0A3EC12C89488F00F5BDF5 /* CardView.swift */,
				4E0A3EC52C894F8400F5BDF5 /* DesertListView.swift */,
				4E0A3EC92C8953B300F5BDF5 /* HomeView.swift */,
			);
			path = View;
			sourceTree = "<group>";
		};
		4E0A3EBB2C89470C00F5BDF5 /* Model */ = {
			isa = PBXGroup;
			children = (
				4E0A3EBD2C89476D00F5BDF5 /* Meal.swift */,
			);
			path = Model;
			sourceTree = "<group>";
		};
		4E0A3EBC2C89470D00F5BDF5 /* ViewModel */ = {
			isa = PBXGroup;
			children = (
				4E0A3EC32C89495000F5BDF5 /* HomeViewModel.swift */,
			);
			path = ViewModel;
			sourceTree = "<group>";
		};
		4E0A3ECB2C8A12DF00F5BDF5 /* Repositories */ = {
			isa = PBXGroup;
			children = (
				4E0A3ED52C8A180400F5BDF5 /* Mapper */,
				4E0A3ECF2C8A136B00F5BDF5 /* DessertListRepository.swift */,
				4E0A3EF02C8CA44000F5BDF5 /* DetailMealRepository.swift */,
			);
			path = Repositories;
			sourceTree = "<group>";
		};
		4E0A3ECC2C8A12E000F5BDF5 /* DTOs */ = {
			isa = PBXGroup;
			children = (
				4E0A3ED32C8A162700F5BDF5 /* MealDTO.swift */,
			);
			path = DTOs;
			sourceTree = "<group>";
		};
		4E0A3ECD2C8A12E200F5BDF5 /* Networking */ = {
			isa = PBXGroup;
			children = (
				4E0A3ED12C8A150900F5BDF5 /* DataError.swift */,
				4E0A3ED82C8A18ED00F5BDF5 /* ApiDatasourceType.swift */,
				4E0A3EDA2C8B84AB00F5BDF5 /* APIMealDataSource.swift */,
				4E0A3EDD2C8B861C00F5BDF5 /* HTTPClient.swift */,
				4E0A3EDF2C8B865800F5BDF5 /* URLSessionHTTPClient.swift */,
				4E0A3EE12C8B888D00F5BDF5 /* URLSessionRequestMaker.swift */,
			);
			path = Networking;
			sourceTree = "<group>";
		};
		4E0A3ECE2C8A12E400F5BDF5 /* Cache */ = {
			isa = PBXGroup;
			children = (
				4E7D26DD2C95F6FF005407E7 /* CacheDessertListType.swift */,
				4E7D26DF2C95F72E005407E7 /* CacheDessertList.swift */,
			);
			path = Cache;
			sourceTree = "<group>";
		};
		4E0A3ED52C8A180400F5BDF5 /* Mapper */ = {
			isa = PBXGroup;
			children = (
				4E0A3ED62C8A189D00F5BDF5 /* MealMapper.swift */,
			);
			path = Mapper;
			sourceTree = "<group>";
		};
		4E0A3EE72C8CA0CA00F5BDF5 /* View */ = {
			isa = PBXGroup;
			children = (
				4E0A3EEC2C8CA2D000F5BDF5 /* DetailMealView.swift */,
			);
			path = View;
			sourceTree = "<group>";
		};
		4E0A3EE82C8CA0CB00F5BDF5 /* Model */ = {
			isa = PBXGroup;
			children = (
				4E0A3EEA2C8CA21600F5BDF5 /* DetailMealModel.swift */,
			);
			path = Model;
			sourceTree = "<group>";
		};
		4E0A3EE92C8CA0CD00F5BDF5 /* ViewModel */ = {
			isa = PBXGroup;
			children = (
				4E0A3EEE2C8CA36000F5BDF5 /* DetailMealViewModel.swift */,
			);
			path = ViewModel;
			sourceTree = "<group>";
		};
		4E0A3F012C8CB13900F5BDF5 /* MyFetchChallengeTests */ = {
			isa = PBXGroup;
			children = (
				4E0A3F0A2C8CB20200F5BDF5 /* Data */,
				4E0A3F092C8CB1FD00F5BDF5 /* Helpers */,
			);
			path = MyFetchChallengeTests;
			sourceTree = "<group>";
		};
		4E0A3F092C8CB1FD00F5BDF5 /* Helpers */ = {
			isa = PBXGroup;
			children = (
				4E7D26E12C95FAEA005407E7 /* CacheDatasourceStub.swift */,
				4E0A3F0D2C8CB38900F5BDF5 /* ApiDatasourceStub.swift */,
				4E0A3F0F2C8CB43700F5BDF5 /* Equitable.swift */,
			);
			path = Helpers;
			sourceTree = "<group>";
		};
		4E0A3F0A2C8CB20200F5BDF5 /* Data */ = {
			isa = PBXGroup;
			children = (
				4E0A3F0B2C8CB22D00F5BDF5 /* DessertListRepositoryTests.swift */,
				4E0A3F112C8CB59C00F5BDF5 /* DetailMealRepositoryTests.swift */,
			);
			path = Data;
			sourceTree = "<group>";
		};
/* End PBXGroup section */

/* Begin PBXNativeTarget section */
		4E0A3E7A2C8942B100F5BDF5 /* MyFetchChallenge */ = {
			isa = PBXNativeTarget;
			buildConfigurationList = 4E0A3E9F2C8942B300F5BDF5 /* Build configuration list for PBXNativeTarget "MyFetchChallenge" */;
			buildPhases = (
				4E0A3E772C8942B100F5BDF5 /* Sources */,
				4E0A3E782C8942B100F5BDF5 /* Frameworks */,
				4E0A3E792C8942B100F5BDF5 /* Resources */,
			);
			buildRules = (
			);
			dependencies = (
			);
			name = MyFetchChallenge;
			productName = MyFetchChallenge;
			productReference = 4E0A3E7B2C8942B100F5BDF5 /* MyFetchChallenge.app */;
			productType = "com.apple.product-type.application";
		};
		4E0A3EFF2C8CB13900F5BDF5 /* MyFetchChallengeTests */ = {
			isa = PBXNativeTarget;
			buildConfigurationList = 4E0A3F062C8CB13900F5BDF5 /* Build configuration list for PBXNativeTarget "MyFetchChallengeTests" */;
			buildPhases = (
				4E0A3EFC2C8CB13900F5BDF5 /* Sources */,
				4E0A3EFD2C8CB13900F5BDF5 /* Frameworks */,
				4E0A3EFE2C8CB13900F5BDF5 /* Resources */,
			);
			buildRules = (
			);
			dependencies = (
				4E0A3F052C8CB13900F5BDF5 /* PBXTargetDependency */,
			);
			name = MyFetchChallengeTests;
			productName = MyFetchChallengeTests;
			productReference = 4E0A3F002C8CB13900F5BDF5 /* MyFetchChallengeTests.xctest */;
			productType = "com.apple.product-type.bundle.unit-test";
		};
/* End PBXNativeTarget section */

/* Begin PBXProject section */
		4E0A3E732C8942B100F5BDF5 /* Project object */ = {
			isa = PBXProject;
			attributes = {
				BuildIndependentTargetsInParallel = 1;
				LastSwiftUpdateCheck = 1520;
				LastUpgradeCheck = 1520;
				TargetAttributes = {
					4E0A3E7A2C8942B100F5BDF5 = {
						CreatedOnToolsVersion = 15.2;
					};
					4E0A3EFF2C8CB13900F5BDF5 = {
						CreatedOnToolsVersion = 15.2;
						TestTargetID = 4E0A3E7A2C8942B100F5BDF5;
					};
				};
			};
			buildConfigurationList = 4E0A3E762C8942B100F5BDF5 /* Build configuration list for PBXProject "MyFetchChallenge" */;
			compatibilityVersion = "Xcode 14.0";
			developmentRegion = en;
			hasScannedForEncodings = 0;
			knownRegions = (
				en,
				Base,
			);
			mainGroup = 4E0A3E722C8942B100F5BDF5;
			productRefGroup = 4E0A3E7C2C8942B100F5BDF5 /* Products */;
			projectDirPath = "";
			projectRoot = "";
			targets = (
				4E0A3E7A2C8942B100F5BDF5 /* MyFetchChallenge */,
				4E0A3EFF2C8CB13900F5BDF5 /* MyFetchChallengeTests */,
			);
		};
/* End PBXProject section */

/* Begin PBXResourcesBuildPhase section */
		4E0A3E792C8942B100F5BDF5 /* Resources */ = {
			isa = PBXResourcesBuildPhase;
			buildActionMask = 2147483647;
			files = (
				4E0A3E862C8942B300F5BDF5 /* Preview Assets.xcassets in Resources */,
				4E0A3E832C8942B300F5BDF5 /* Assets.xcassets in Resources */,
			);
			runOnlyForDeploymentPostprocessing = 0;
		};
		4E0A3EFE2C8CB13900F5BDF5 /* Resources */ = {
			isa = PBXResourcesBuildPhase;
			buildActionMask = 2147483647;
			files = (
			);
			runOnlyForDeploymentPostprocessing = 0;
		};
/* End PBXResourcesBuildPhase section */

/* Begin PBXSourcesBuildPhase section */
		4E0A3E772C8942B100F5BDF5 /* Sources */ = {
			isa = PBXSourcesBuildPhase;
			buildActionMask = 2147483647;
			files = (
				4E0A3ED22C8A150900F5BDF5 /* DataError.swift in Sources */,
				4E0A3EB72C89451B00F5BDF5 /* FavoritesView.swift in Sources */,
				4E0A3ED72C8A189D00F5BDF5 /* MealMapper.swift in Sources */,
				4E0A3EEB2C8CA21700F5BDF5 /* DetailMealModel.swift in Sources */,
				4E0A3EF32C8CAD1800F5BDF5 /* DetailMealFactory.swift in Sources */,
				4E0A3EC22C89488F00F5BDF5 /* CardView.swift in Sources */,
				4E0A3ECA2C8953B300F5BDF5 /* HomeView.swift in Sources */,
				4E0A3EC62C894F8400F5BDF5 /* DesertListView.swift in Sources */,
				4E0A3EDE2C8B861C00F5BDF5 /* HTTPClient.swift in Sources */,
				4E0A3EF12C8CA44000F5BDF5 /* DetailMealRepository.swift in Sources */,
				4E0A3EB02C89440E00F5BDF5 /* Result+Extension.swift in Sources */,
				4E0A3EC42C89495000F5BDF5 /* HomeViewModel.swift in Sources */,
				4E0A3EBE2C89476D00F5BDF5 /* Meal.swift in Sources */,
				4E0A3EE62C8B8C5100F5BDF5 /* TabBarView.swift in Sources */,
				4E0A3EC02C89484100F5BDF5 /* Mocks.swift in Sources */,
				4E0A3EE22C8B888D00F5BDF5 /* URLSessionRequestMaker.swift in Sources */,
				4E0A3EDB2C8B84AB00F5BDF5 /* APIMealDataSource.swift in Sources */,
				4E0A3EB92C8946E500F5BDF5 /* SettingsView.swift in Sources */,
				4E0A3EED2C8CA2D000F5BDF5 /* DetailMealView.swift in Sources */,
				4E0A3EE02C8B865800F5BDF5 /* URLSessionHTTPClient.swift in Sources */,
				4E0A3ED02C8A136B00F5BDF5 /* DessertListRepository.swift in Sources */,
				4E7D26E02C95F72E005407E7 /* CacheDessertList.swift in Sources */,
				4E0A3EC82C894FE000F5BDF5 /* CustomBackButton.swift in Sources */,
				4E7D26DE2C95F6FF005407E7 /* CacheDessertListType.swift in Sources */,
				4E0A3EAE2C8943C700F5BDF5 /* Color+Extension.swift in Sources */,
				4E0A3ED92C8A18ED00F5BDF5 /* ApiDatasourceType.swift in Sources */,
				4E0A3ED42C8A162700F5BDF5 /* MealDTO.swift in Sources */,
				4E0A3EE42C8B8A2000F5BDF5 /* HomeFactory.swift in Sources */,
				4E0A3EEF2C8CA36000F5BDF5 /* DetailMealViewModel.swift in Sources */,
				4E0A3E7F2C8942B100F5BDF5 /* MyFetchChallengeApp.swift in Sources */,
			);
			runOnlyForDeploymentPostprocessing = 0;
		};
		4E0A3EFC2C8CB13900F5BDF5 /* Sources */ = {
			isa = PBXSourcesBuildPhase;
			buildActionMask = 2147483647;
			files = (
				4E0A3F0C2C8CB22D00F5BDF5 /* DessertListRepositoryTests.swift in Sources */,
				4E0A3F102C8CB43700F5BDF5 /* Equitable.swift in Sources */,
				4E0A3F0E2C8CB38900F5BDF5 /* ApiDatasourceStub.swift in Sources */,
				4E0A3F122C8CB59C00F5BDF5 /* DetailMealRepositoryTests.swift in Sources */,
				4E7D26E22C95FAEA005407E7 /* CacheDatasourceStub.swift in Sources */,
			);
			runOnlyForDeploymentPostprocessing = 0;
		};
/* End PBXSourcesBuildPhase section */

/* Begin PBXTargetDependency section */
		4E0A3F052C8CB13900F5BDF5 /* PBXTargetDependency */ = {
			isa = PBXTargetDependency;
			target = 4E0A3E7A2C8942B100F5BDF5 /* MyFetchChallenge */;
			targetProxy = 4E0A3F042C8CB13900F5BDF5 /* PBXContainerItemProxy */;
		};
/* End PBXTargetDependency section */

/* Begin XCBuildConfiguration section */
		4E0A3E9D2C8942B300F5BDF5 /* Debug */ = {
			isa = XCBuildConfiguration;
			buildSettings = {
				ALWAYS_SEARCH_USER_PATHS = NO;
				ASSETCATALOG_COMPILER_GENERATE_SWIFT_ASSET_SYMBOL_EXTENSIONS = YES;
				CLANG_ANALYZER_NONNULL = YES;
				CLANG_ANALYZER_NUMBER_OBJECT_CONVERSION = YES_AGGRESSIVE;
				CLANG_CXX_LANGUAGE_STANDARD = "gnu++20";
				CLANG_ENABLE_MODULES = YES;
				CLANG_ENABLE_OBJC_ARC = YES;
				CLANG_ENABLE_OBJC_WEAK = YES;
				CLANG_WARN_BLOCK_CAPTURE_AUTORELEASING = YES;
				CLANG_WARN_BOOL_CONVERSION = YES;
				CLANG_WARN_COMMA = YES;
				CLANG_WARN_CONSTANT_CONVERSION = YES;
				CLANG_WARN_DEPRECATED_OBJC_IMPLEMENTATIONS = YES;
				CLANG_WARN_DIRECT_OBJC_ISA_USAGE = YES_ERROR;
				CLANG_WARN_DOCUMENTATION_COMMENTS = YES;
				CLANG_WARN_EMPTY_BODY = YES;
				CLANG_WARN_ENUM_CONVERSION = YES;
				CLANG_WARN_INFINITE_RECURSION = YES;
				CLANG_WARN_INT_CONVERSION = YES;
				CLANG_WARN_NON_LITERAL_NULL_CONVERSION = YES;
				CLANG_WARN_OBJC_IMPLICIT_RETAIN_SELF = YES;
				CLANG_WARN_OBJC_LITERAL_CONVERSION = YES;
				CLANG_WARN_OBJC_ROOT_CLASS = YES_ERROR;
				CLANG_WARN_QUOTED_INCLUDE_IN_FRAMEWORK_HEADER = YES;
				CLANG_WARN_RANGE_LOOP_ANALYSIS = YES;
				CLANG_WARN_STRICT_PROTOTYPES = YES;
				CLANG_WARN_SUSPICIOUS_MOVE = YES;
				CLANG_WARN_UNGUARDED_AVAILABILITY = YES_AGGRESSIVE;
				CLANG_WARN_UNREACHABLE_CODE = YES;
				CLANG_WARN__DUPLICATE_METHOD_MATCH = YES;
				COPY_PHASE_STRIP = NO;
				DEBUG_INFORMATION_FORMAT = dwarf;
				ENABLE_STRICT_OBJC_MSGSEND = YES;
				ENABLE_TESTABILITY = YES;
				ENABLE_USER_SCRIPT_SANDBOXING = YES;
				GCC_C_LANGUAGE_STANDARD = gnu17;
				GCC_DYNAMIC_NO_PIC = NO;
				GCC_NO_COMMON_BLOCKS = YES;
				GCC_OPTIMIZATION_LEVEL = 0;
				GCC_PREPROCESSOR_DEFINITIONS = (
					"DEBUG=1",
					"$(inherited)",
				);
				GCC_WARN_64_TO_32_BIT_CONVERSION = YES;
				GCC_WARN_ABOUT_RETURN_TYPE = YES_ERROR;
				GCC_WARN_UNDECLARED_SELECTOR = YES;
				GCC_WARN_UNINITIALIZED_AUTOS = YES_AGGRESSIVE;
				GCC_WARN_UNUSED_FUNCTION = YES;
				GCC_WARN_UNUSED_VARIABLE = YES;
				IPHONEOS_DEPLOYMENT_TARGET = 17.2;
				LOCALIZATION_PREFERS_STRING_CATALOGS = YES;
				MTL_ENABLE_DEBUG_INFO = INCLUDE_SOURCE;
				MTL_FAST_MATH = YES;
				ONLY_ACTIVE_ARCH = YES;
				SDKROOT = iphoneos;
				SWIFT_ACTIVE_COMPILATION_CONDITIONS = "DEBUG $(inherited)";
				SWIFT_OPTIMIZATION_LEVEL = "-Onone";
			};
			name = Debug;
		};
		4E0A3E9E2C8942B300F5BDF5 /* Release */ = {
			isa = XCBuildConfiguration;
			buildSettings = {
				ALWAYS_SEARCH_USER_PATHS = NO;
				ASSETCATALOG_COMPILER_GENERATE_SWIFT_ASSET_SYMBOL_EXTENSIONS = YES;
				CLANG_ANALYZER_NONNULL = YES;
				CLANG_ANALYZER_NUMBER_OBJECT_CONVERSION = YES_AGGRESSIVE;
				CLANG_CXX_LANGUAGE_STANDARD = "gnu++20";
				CLANG_ENABLE_MODULES = YES;
				CLANG_ENABLE_OBJC_ARC = YES;
				CLANG_ENABLE_OBJC_WEAK = YES;
				CLANG_WARN_BLOCK_CAPTURE_AUTORELEASING = YES;
				CLANG_WARN_BOOL_CONVERSION = YES;
				CLANG_WARN_COMMA = YES;
				CLANG_WARN_CONSTANT_CONVERSION = YES;
				CLANG_WARN_DEPRECATED_OBJC_IMPLEMENTATIONS = YES;
				CLANG_WARN_DIRECT_OBJC_ISA_USAGE = YES_ERROR;
				CLANG_WARN_DOCUMENTATION_COMMENTS = YES;
				CLANG_WARN_EMPTY_BODY = YES;
				CLANG_WARN_ENUM_CONVERSION = YES;
				CLANG_WARN_INFINITE_RECURSION = YES;
				CLANG_WARN_INT_CONVERSION = YES;
				CLANG_WARN_NON_LITERAL_NULL_CONVERSION = YES;
				CLANG_WARN_OBJC_IMPLICIT_RETAIN_SELF = YES;
				CLANG_WARN_OBJC_LITERAL_CONVERSION = YES;
				CLANG_WARN_OBJC_ROOT_CLASS = YES_ERROR;
				CLANG_WARN_QUOTED_INCLUDE_IN_FRAMEWORK_HEADER = YES;
				CLANG_WARN_RANGE_LOOP_ANALYSIS = YES;
				CLANG_WARN_STRICT_PROTOTYPES = YES;
				CLANG_WARN_SUSPICIOUS_MOVE = YES;
				CLANG_WARN_UNGUARDED_AVAILABILITY = YES_AGGRESSIVE;
				CLANG_WARN_UNREACHABLE_CODE = YES;
				CLANG_WARN__DUPLICATE_METHOD_MATCH = YES;
				COPY_PHASE_STRIP = NO;
				DEBUG_INFORMATION_FORMAT = "dwarf-with-dsym";
				ENABLE_NS_ASSERTIONS = NO;
				ENABLE_STRICT_OBJC_MSGSEND = YES;
				ENABLE_USER_SCRIPT_SANDBOXING = YES;
				GCC_C_LANGUAGE_STANDARD = gnu17;
				GCC_NO_COMMON_BLOCKS = YES;
				GCC_WARN_64_TO_32_BIT_CONVERSION = YES;
				GCC_WARN_ABOUT_RETURN_TYPE = YES_ERROR;
				GCC_WARN_UNDECLARED_SELECTOR = YES;
				GCC_WARN_UNINITIALIZED_AUTOS = YES_AGGRESSIVE;
				GCC_WARN_UNUSED_FUNCTION = YES;
				GCC_WARN_UNUSED_VARIABLE = YES;
				IPHONEOS_DEPLOYMENT_TARGET = 17.2;
				LOCALIZATION_PREFERS_STRING_CATALOGS = YES;
				MTL_ENABLE_DEBUG_INFO = NO;
				MTL_FAST_MATH = YES;
				SDKROOT = iphoneos;
				SWIFT_COMPILATION_MODE = wholemodule;
				VALIDATE_PRODUCT = YES;
			};
			name = Release;
		};
		4E0A3EA02C8942B300F5BDF5 /* Debug */ = {
			isa = XCBuildConfiguration;
			buildSettings = {
				ASSETCATALOG_COMPILER_APPICON_NAME = AppIcon;
				ASSETCATALOG_COMPILER_GLOBAL_ACCENT_COLOR_NAME = AccentColor;
				CODE_SIGN_STYLE = Automatic;
				CURRENT_PROJECT_VERSION = 1;
				DEVELOPMENT_ASSET_PATHS = "\"MyFetchChallenge/Preview Content\"";
				DEVELOPMENT_TEAM = 87W96M29JK;
				ENABLE_PREVIEWS = YES;
				GENERATE_INFOPLIST_FILE = YES;
				INFOPLIST_KEY_UIApplicationSceneManifest_Generation = YES;
				INFOPLIST_KEY_UIApplicationSupportsIndirectInputEvents = YES;
				INFOPLIST_KEY_UILaunchScreen_Generation = YES;
				INFOPLIST_KEY_UISupportedInterfaceOrientations_iPad = "UIInterfaceOrientationPortrait UIInterfaceOrientationPortraitUpsideDown UIInterfaceOrientationLandscapeLeft UIInterfaceOrientationLandscapeRight";
				INFOPLIST_KEY_UISupportedInterfaceOrientations_iPhone = "UIInterfaceOrientationPortrait UIInterfaceOrientationLandscapeLeft UIInterfaceOrientationLandscapeRight";
				LD_RUNPATH_SEARCH_PATHS = (
					"$(inherited)",
					"@executable_path/Frameworks",
				);
				MARKETING_VERSION = 1.0;
				PRODUCT_BUNDLE_IDENTIFIER = com.Torres.MyFetchChallenge;
				PRODUCT_NAME = "$(TARGET_NAME)";
				SWIFT_EMIT_LOC_STRINGS = YES;
				SWIFT_VERSION = 5.0;
				TARGETED_DEVICE_FAMILY = "1,2";
			};
			name = Debug;
		};
		4E0A3EA12C8942B300F5BDF5 /* Release */ = {
			isa = XCBuildConfiguration;
			buildSettings = {
				ASSETCATALOG_COMPILER_APPICON_NAME = AppIcon;
				ASSETCATALOG_COMPILER_GLOBAL_ACCENT_COLOR_NAME = AccentColor;
				CODE_SIGN_STYLE = Automatic;
				CURRENT_PROJECT_VERSION = 1;
				DEVELOPMENT_ASSET_PATHS = "\"MyFetchChallenge/Preview Content\"";
				DEVELOPMENT_TEAM = 87W96M29JK;
				ENABLE_PREVIEWS = YES;
				GENERATE_INFOPLIST_FILE = YES;
				INFOPLIST_KEY_UIApplicationSceneManifest_Generation = YES;
				INFOPLIST_KEY_UIApplicationSupportsIndirectInputEvents = YES;
				INFOPLIST_KEY_UILaunchScreen_Generation = YES;
				INFOPLIST_KEY_UISupportedInterfaceOrientations_iPad = "UIInterfaceOrientationPortrait UIInterfaceOrientationPortraitUpsideDown UIInterfaceOrientationLandscapeLeft UIInterfaceOrientationLandscapeRight";
				INFOPLIST_KEY_UISupportedInterfaceOrientations_iPhone = "UIInterfaceOrientationPortrait UIInterfaceOrientationLandscapeLeft UIInterfaceOrientationLandscapeRight";
				LD_RUNPATH_SEARCH_PATHS = (
					"$(inherited)",
					"@executable_path/Frameworks",
				);
				MARKETING_VERSION = 1.0;
				PRODUCT_BUNDLE_IDENTIFIER = com.Torres.MyFetchChallenge;
				PRODUCT_NAME = "$(TARGET_NAME)";
				SWIFT_EMIT_LOC_STRINGS = YES;
				SWIFT_VERSION = 5.0;
				TARGETED_DEVICE_FAMILY = "1,2";
			};
			name = Release;
		};
		4E0A3F072C8CB13900F5BDF5 /* Debug */ = {
			isa = XCBuildConfiguration;
			buildSettings = {
				BUNDLE_LOADER = "$(TEST_HOST)";
				CODE_SIGN_STYLE = Automatic;
				CURRENT_PROJECT_VERSION = 1;
				DEVELOPMENT_TEAM = 87W96M29JK;
				GENERATE_INFOPLIST_FILE = YES;
				MARKETING_VERSION = 1.0;
				PRODUCT_BUNDLE_IDENTIFIER = com.Torres.MyFetchChallengeTests;
				PRODUCT_NAME = "$(TARGET_NAME)";
				SWIFT_EMIT_LOC_STRINGS = NO;
				SWIFT_VERSION = 5.0;
				TARGETED_DEVICE_FAMILY = "1,2";
				TEST_HOST = "$(BUILT_PRODUCTS_DIR)/MyFetchChallenge.app/$(BUNDLE_EXECUTABLE_FOLDER_PATH)/MyFetchChallenge";
			};
			name = Debug;
		};
		4E0A3F082C8CB13900F5BDF5 /* Release */ = {
			isa = XCBuildConfiguration;
			buildSettings = {
				BUNDLE_LOADER = "$(TEST_HOST)";
				CODE_SIGN_STYLE = Automatic;
				CURRENT_PROJECT_VERSION = 1;
				DEVELOPMENT_TEAM = 87W96M29JK;
				GENERATE_INFOPLIST_FILE = YES;
				MARKETING_VERSION = 1.0;
				PRODUCT_BUNDLE_IDENTIFIER = com.Torres.MyFetchChallengeTests;
				PRODUCT_NAME = "$(TARGET_NAME)";
				SWIFT_EMIT_LOC_STRINGS = NO;
				SWIFT_VERSION = 5.0;
				TARGETED_DEVICE_FAMILY = "1,2";
				TEST_HOST = "$(BUILT_PRODUCTS_DIR)/MyFetchChallenge.app/$(BUNDLE_EXECUTABLE_FOLDER_PATH)/MyFetchChallenge";
			};
			name = Release;
		};
/* End XCBuildConfiguration section */

/* Begin XCConfigurationList section */
		4E0A3E762C8942B100F5BDF5 /* Build configuration list for PBXProject "MyFetchChallenge" */ = {
			isa = XCConfigurationList;
			buildConfigurations = (
				4E0A3E9D2C8942B300F5BDF5 /* Debug */,
				4E0A3E9E2C8942B300F5BDF5 /* Release */,
			);
			defaultConfigurationIsVisible = 0;
			defaultConfigurationName = Release;
		};
		4E0A3E9F2C8942B300F5BDF5 /* Build configuration list for PBXNativeTarget "MyFetchChallenge" */ = {
			isa = XCConfigurationList;
			buildConfigurations = (
				4E0A3EA02C8942B300F5BDF5 /* Debug */,
				4E0A3EA12C8942B300F5BDF5 /* Release */,
			);
			defaultConfigurationIsVisible = 0;
			defaultConfigurationName = Release;
		};
		4E0A3F062C8CB13900F5BDF5 /* Build configuration list for PBXNativeTarget "MyFetchChallengeTests" */ = {
			isa = XCConfigurationList;
			buildConfigurations = (
				4E0A3F072C8CB13900F5BDF5 /* Debug */,
				4E0A3F082C8CB13900F5BDF5 /* Release */,
			);
			defaultConfigurationIsVisible = 0;
			defaultConfigurationName = Release;
		};
/* End XCConfigurationList section */
	};
	rootObject = 4E0A3E732C8942B100F5BDF5 /* Project object */;
}
